
Microsoft Visual Studio Solution File, Format Version 11.00
# Visual Studio 2010
Project("{FAE04EC0-301F-11D3-BF4B-00C04F79EFBC}") = "Assembly-CSharp", "Assembly-CSharp.csproj", "{928D296D-E1F5-96F6-B565-CC5C9D99BF0D}"
EndProject
Project("{FAE04EC0-301F-11D3-BF4B-00C04F79EFBC}") = "Assembly-CSharp-firstpass", "Assembly-CSharp-firstpass.csproj", "{441F6B66-E127-7A72-CA86-C52D008ED317}"
EndProject
Project("{FAE04EC0-301F-11D3-BF4B-00C04F79EFBC}") = "Assembly-CSharp-Editor-firstpass", "Assembly-CSharp-Editor-firstpass.csproj", "{3570B1DC-3646-B53D-D4B4-E8BE070C03E7}"
EndProject
Global
	GlobalSection(SolutionConfigurationPlatforms) = preSolution
		Debug|Any CPU = Debug|Any CPU
		Release|Any CPU = Release|Any CPU
	EndGlobalSection
	GlobalSection(ProjectConfigurationPlatforms) = postSolution
		{928D296D-E1F5-96F6-B565-CC5C9D99BF0D}.Debug|Any CPU.ActiveCfg = Debug|Any CPU
		{928D296D-E1F5-96F6-B565-CC5C9D99BF0D}.Debug|Any CPU.Build.0 = Debug|Any CPU
		{928D296D-E1F5-96F6-B565-CC5C9D99BF0D}.Release|Any CPU.ActiveCfg = Release|Any CPU
		{928D296D-E1F5-96F6-B565-CC5C9D99BF0D}.Release|Any CPU.Build.0 = Release|Any CPU
		{441F6B66-E127-7A72-CA86-C52D008ED317}.Debug|Any CPU.ActiveCfg = Debug|Any CPU
		{441F6B66-E127-7A72-CA86-C52D008ED317}.Debug|Any CPU.Build.0 = Debug|Any CPU
		{441F6B66-E127-7A72-CA86-C52D008ED317}.Release|Any CPU.ActiveCfg = Release|Any CPU
		{441F6B66-E127-7A72-CA86-C52D008ED317}.Release|Any CPU.Build.0 = Release|Any CPU
		{3570B1DC-3646-B53D-D4B4-E8BE070C03E7}.Debug|Any CPU.ActiveCfg = Debug|Any CPU
		{3570B1DC-3646-B53D-D4B4-E8BE070C03E7}.Debug|Any CPU.Build.0 = Debug|Any CPU
		{3570B1DC-3646-B53D-D4B4-E8BE070C03E7}.Release|Any CPU.ActiveCfg = Release|Any CPU
		{3570B1DC-3646-B53D-D4B4-E8BE070C03E7}.Release|Any CPU.Build.0 = Release|Any CPU
	EndGlobalSection
	GlobalSection(SolutionProperties) = preSolution
		HideSolutionNode = FALSE
	EndGlobalSection
EndGlobal
